=== RUN   TestTerraformGcpInstanceCreation
=== PAUSE TestTerraformGcpInstanceCreation
=== CONT  TestTerraformGcpInstanceCreation
TestTerraformGcpInstanceCreation 2021-07-10T02:07:42-05:00 retry.go:91: terraform [init -upgrade=false]
TestTerraformGcpInstanceCreation 2021-07-10T02:07:42-05:00 logger.go:66: Running command terraform with args [init -upgrade=false]
TestTerraformGcpInstanceCreation 2021-07-10T02:07:42-05:00 logger.go:66: 
TestTerraformGcpInstanceCreation 2021-07-10T02:07:42-05:00 logger.go:66: [0m[1mInitializing the backend...[0m
TestTerraformGcpInstanceCreation 2021-07-10T02:07:43-05:00 logger.go:66: 
TestTerraformGcpInstanceCreation 2021-07-10T02:07:43-05:00 logger.go:66: [0m[1mInitializing provider plugins...[0m
TestTerraformGcpInstanceCreation 2021-07-10T02:07:43-05:00 logger.go:66: - Reusing previous version of hashicorp/google from the dependency lock file
TestTerraformGcpInstanceCreation 2021-07-10T02:07:43-05:00 logger.go:66: - Using previously-installed hashicorp/google v3.74.0
TestTerraformGcpInstanceCreation 2021-07-10T02:07:43-05:00 logger.go:66: 
TestTerraformGcpInstanceCreation 2021-07-10T02:07:43-05:00 logger.go:66: [0m[1m[32mTerraform has been successfully initialized![0m[32m[0m
TestTerraformGcpInstanceCreation 2021-07-10T02:07:43-05:00 logger.go:66: [0m[32m
TestTerraformGcpInstanceCreation 2021-07-10T02:07:43-05:00 logger.go:66: You may now begin working with Terraform. Try running "terraform plan" to see
TestTerraformGcpInstanceCreation 2021-07-10T02:07:43-05:00 logger.go:66: any changes that are required for your infrastructure. All Terraform commands
TestTerraformGcpInstanceCreation 2021-07-10T02:07:43-05:00 logger.go:66: should now work.
TestTerraformGcpInstanceCreation 2021-07-10T02:07:43-05:00 logger.go:66: 
TestTerraformGcpInstanceCreation 2021-07-10T02:07:43-05:00 logger.go:66: If you ever set or change modules or backend configuration for Terraform,
TestTerraformGcpInstanceCreation 2021-07-10T02:07:43-05:00 logger.go:66: rerun this command to reinitialize your working directory. If you forget, other
TestTerraformGcpInstanceCreation 2021-07-10T02:07:43-05:00 logger.go:66: commands will detect it and remind you to do so if necessary.[0m
TestTerraformGcpInstanceCreation 2021-07-10T02:07:44-05:00 retry.go:91: terraform [apply -input=false -auto-approve -var instance_name=gcp-hello-world-example-testing -lock=false]
TestTerraformGcpInstanceCreation 2021-07-10T02:07:44-05:00 logger.go:66: Running command terraform with args [apply -input=false -auto-approve -var instance_name=gcp-hello-world-example-testing -lock=false]
TestTerraformGcpInstanceCreation 2021-07-10T02:07:46-05:00 logger.go:66: 
TestTerraformGcpInstanceCreation 2021-07-10T02:07:46-05:00 logger.go:66: Terraform used the selected providers to generate the following execution
TestTerraformGcpInstanceCreation 2021-07-10T02:07:46-05:00 logger.go:66: plan. Resource actions are indicated with the following symbols:
TestTerraformGcpInstanceCreation 2021-07-10T02:07:46-05:00 logger.go:66:   [32m+[0m create
TestTerraformGcpInstanceCreation 2021-07-10T02:07:46-05:00 logger.go:66: [0m
TestTerraformGcpInstanceCreation 2021-07-10T02:07:46-05:00 logger.go:66: Terraform will perform the following actions:
TestTerraformGcpInstanceCreation 2021-07-10T02:07:46-05:00 logger.go:66: 
TestTerraformGcpInstanceCreation 2021-07-10T02:07:46-05:00 logger.go:66: [1m  # google_compute_instance.testing_instance[0m will be created[0m[0m
TestTerraformGcpInstanceCreation 2021-07-10T02:07:46-05:00 logger.go:66: [0m  [32m+[0m[0m resource "google_compute_instance" "testing_instance" {
TestTerraformGcpInstanceCreation 2021-07-10T02:07:46-05:00 logger.go:66:       [32m+[0m [0m[1m[0mcan_ip_forward[0m[0m          = false
TestTerraformGcpInstanceCreation 2021-07-10T02:07:46-05:00 logger.go:66:       [32m+[0m [0m[1m[0mcpu_platform[0m[0m            = (known after apply)
TestTerraformGcpInstanceCreation 2021-07-10T02:07:46-05:00 logger.go:66:       [32m+[0m [0m[1m[0mcurrent_status[0m[0m          = (known after apply)
TestTerraformGcpInstanceCreation 2021-07-10T02:07:46-05:00 logger.go:66:       [32m+[0m [0m[1m[0mdeletion_protection[0m[0m     = false
TestTerraformGcpInstanceCreation 2021-07-10T02:07:46-05:00 logger.go:66:       [32m+[0m [0m[1m[0mguest_accelerator[0m[0m       = (known after apply)
TestTerraformGcpInstanceCreation 2021-07-10T02:07:46-05:00 logger.go:66:       [32m+[0m [0m[1m[0mid[0m[0m                      = (known after apply)
TestTerraformGcpInstanceCreation 2021-07-10T02:07:46-05:00 logger.go:66:       [32m+[0m [0m[1m[0minstance_id[0m[0m             = (known after apply)
TestTerraformGcpInstanceCreation 2021-07-10T02:07:46-05:00 logger.go:66:       [32m+[0m [0m[1m[0mlabel_fingerprint[0m[0m       = (known after apply)
TestTerraformGcpInstanceCreation 2021-07-10T02:07:46-05:00 logger.go:66:       [32m+[0m [0m[1m[0mmachine_type[0m[0m            = "f1-micro"
TestTerraformGcpInstanceCreation 2021-07-10T02:07:46-05:00 logger.go:66:       [32m+[0m [0m[1m[0mmetadata_fingerprint[0m[0m    = (known after apply)
TestTerraformGcpInstanceCreation 2021-07-10T02:07:46-05:00 logger.go:66:       [32m+[0m [0m[1m[0mmetadata_startup_script[0m[0m = "sudo apt-get update; sudo apt-get install -yq build-essential python-pip rsync; pip install flask"
TestTerraformGcpInstanceCreation 2021-07-10T02:07:46-05:00 logger.go:66:       [32m+[0m [0m[1m[0mmin_cpu_platform[0m[0m        = (known after apply)
TestTerraformGcpInstanceCreation 2021-07-10T02:07:46-05:00 logger.go:66:       [32m+[0m [0m[1m[0mname[0m[0m                    = "gcp-hello-world-example-testing"
TestTerraformGcpInstanceCreation 2021-07-10T02:07:46-05:00 logger.go:66:       [32m+[0m [0m[1m[0mproject[0m[0m                 = (known after apply)
TestTerraformGcpInstanceCreation 2021-07-10T02:07:46-05:00 logger.go:66:       [32m+[0m [0m[1m[0mself_link[0m[0m               = (known after apply)
TestTerraformGcpInstanceCreation 2021-07-10T02:07:46-05:00 logger.go:66:       [32m+[0m [0m[1m[0mtags_fingerprint[0m[0m        = (known after apply)
TestTerraformGcpInstanceCreation 2021-07-10T02:07:46-05:00 logger.go:66:       [32m+[0m [0m[1m[0mzone[0m[0m                    = "us-central1-a"
TestTerraformGcpInstanceCreation 2021-07-10T02:07:46-05:00 logger.go:66: 
TestTerraformGcpInstanceCreation 2021-07-10T02:07:46-05:00 logger.go:66:       [32m+[0m [0mboot_disk {
TestTerraformGcpInstanceCreation 2021-07-10T02:07:46-05:00 logger.go:66:           [32m+[0m [0m[1m[0mauto_delete[0m[0m                = true
TestTerraformGcpInstanceCreation 2021-07-10T02:07:46-05:00 logger.go:66:           [32m+[0m [0m[1m[0mdevice_name[0m[0m                = (known after apply)
TestTerraformGcpInstanceCreation 2021-07-10T02:07:46-05:00 logger.go:66:           [32m+[0m [0m[1m[0mdisk_encryption_key_sha256[0m[0m = (known after apply)
TestTerraformGcpInstanceCreation 2021-07-10T02:07:46-05:00 logger.go:66:           [32m+[0m [0m[1m[0mkms_key_self_link[0m[0m          = (known after apply)
TestTerraformGcpInstanceCreation 2021-07-10T02:07:46-05:00 logger.go:66:           [32m+[0m [0m[1m[0mmode[0m[0m                       = "READ_WRITE"
TestTerraformGcpInstanceCreation 2021-07-10T02:07:46-05:00 logger.go:66:           [32m+[0m [0m[1m[0msource[0m[0m                     = (known after apply)
TestTerraformGcpInstanceCreation 2021-07-10T02:07:46-05:00 logger.go:66: 
TestTerraformGcpInstanceCreation 2021-07-10T02:07:46-05:00 logger.go:66:           [32m+[0m [0minitialize_params {
TestTerraformGcpInstanceCreation 2021-07-10T02:07:46-05:00 logger.go:66:               [32m+[0m [0m[1m[0mimage[0m[0m  = "debian-cloud/debian-9"
TestTerraformGcpInstanceCreation 2021-07-10T02:07:46-05:00 logger.go:66:               [32m+[0m [0m[1m[0mlabels[0m[0m = (known after apply)
TestTerraformGcpInstanceCreation 2021-07-10T02:07:46-05:00 logger.go:66:               [32m+[0m [0m[1m[0msize[0m[0m   = (known after apply)
TestTerraformGcpInstanceCreation 2021-07-10T02:07:46-05:00 logger.go:66:               [32m+[0m [0m[1m[0mtype[0m[0m   = (known after apply)
TestTerraformGcpInstanceCreation 2021-07-10T02:07:46-05:00 logger.go:66:             }
TestTerraformGcpInstanceCreation 2021-07-10T02:07:46-05:00 logger.go:66:         }
TestTerraformGcpInstanceCreation 2021-07-10T02:07:46-05:00 logger.go:66: 
TestTerraformGcpInstanceCreation 2021-07-10T02:07:46-05:00 logger.go:66:       [32m+[0m [0mconfidential_instance_config {
TestTerraformGcpInstanceCreation 2021-07-10T02:07:46-05:00 logger.go:66:           [32m+[0m [0m[1m[0menable_confidential_compute[0m[0m = (known after apply)
TestTerraformGcpInstanceCreation 2021-07-10T02:07:46-05:00 logger.go:66:         }
TestTerraformGcpInstanceCreation 2021-07-10T02:07:46-05:00 logger.go:66: 
TestTerraformGcpInstanceCreation 2021-07-10T02:07:46-05:00 logger.go:66:       [32m+[0m [0mnetwork_interface {
TestTerraformGcpInstanceCreation 2021-07-10T02:07:46-05:00 logger.go:66:           [32m+[0m [0m[1m[0mname[0m[0m               = (known after apply)
TestTerraformGcpInstanceCreation 2021-07-10T02:07:46-05:00 logger.go:66:           [32m+[0m [0m[1m[0mnetwork[0m[0m            = "default"
TestTerraformGcpInstanceCreation 2021-07-10T02:07:46-05:00 logger.go:66:           [32m+[0m [0m[1m[0mnetwork_ip[0m[0m         = (known after apply)
TestTerraformGcpInstanceCreation 2021-07-10T02:07:46-05:00 logger.go:66:           [32m+[0m [0m[1m[0msubnetwork[0m[0m         = (known after apply)
TestTerraformGcpInstanceCreation 2021-07-10T02:07:46-05:00 logger.go:66:           [32m+[0m [0m[1m[0msubnetwork_project[0m[0m = (known after apply)
TestTerraformGcpInstanceCreation 2021-07-10T02:07:46-05:00 logger.go:66: 
TestTerraformGcpInstanceCreation 2021-07-10T02:07:46-05:00 logger.go:66:           [32m+[0m [0maccess_config {
TestTerraformGcpInstanceCreation 2021-07-10T02:07:46-05:00 logger.go:66:               [32m+[0m [0m[1m[0mnat_ip[0m[0m       = (known after apply)
TestTerraformGcpInstanceCreation 2021-07-10T02:07:46-05:00 logger.go:66:               [32m+[0m [0m[1m[0mnetwork_tier[0m[0m = (known after apply)
TestTerraformGcpInstanceCreation 2021-07-10T02:07:46-05:00 logger.go:66:             }
TestTerraformGcpInstanceCreation 2021-07-10T02:07:46-05:00 logger.go:66:         }
TestTerraformGcpInstanceCreation 2021-07-10T02:07:46-05:00 logger.go:66: 
TestTerraformGcpInstanceCreation 2021-07-10T02:07:46-05:00 logger.go:66:       [32m+[0m [0mscheduling {
TestTerraformGcpInstanceCreation 2021-07-10T02:07:46-05:00 logger.go:66:           [32m+[0m [0m[1m[0mautomatic_restart[0m[0m   = (known after apply)
TestTerraformGcpInstanceCreation 2021-07-10T02:07:46-05:00 logger.go:66:           [32m+[0m [0m[1m[0mmin_node_cpus[0m[0m       = (known after apply)
TestTerraformGcpInstanceCreation 2021-07-10T02:07:46-05:00 logger.go:66:           [32m+[0m [0m[1m[0mon_host_maintenance[0m[0m = (known after apply)
TestTerraformGcpInstanceCreation 2021-07-10T02:07:46-05:00 logger.go:66:           [32m+[0m [0m[1m[0mpreemptible[0m[0m         = (known after apply)
TestTerraformGcpInstanceCreation 2021-07-10T02:07:46-05:00 logger.go:66: 
TestTerraformGcpInstanceCreation 2021-07-10T02:07:46-05:00 logger.go:66:           [32m+[0m [0mnode_affinities {
TestTerraformGcpInstanceCreation 2021-07-10T02:07:46-05:00 logger.go:66:               [32m+[0m [0m[1m[0mkey[0m[0m      = (known after apply)
TestTerraformGcpInstanceCreation 2021-07-10T02:07:46-05:00 logger.go:66:               [32m+[0m [0m[1m[0moperator[0m[0m = (known after apply)
TestTerraformGcpInstanceCreation 2021-07-10T02:07:46-05:00 logger.go:66:               [32m+[0m [0m[1m[0mvalues[0m[0m   = (known after apply)
TestTerraformGcpInstanceCreation 2021-07-10T02:07:46-05:00 logger.go:66:             }
TestTerraformGcpInstanceCreation 2021-07-10T02:07:46-05:00 logger.go:66:         }
TestTerraformGcpInstanceCreation 2021-07-10T02:07:46-05:00 logger.go:66:     }
TestTerraformGcpInstanceCreation 2021-07-10T02:07:46-05:00 logger.go:66: 
TestTerraformGcpInstanceCreation 2021-07-10T02:07:46-05:00 logger.go:66: [0m[1mPlan:[0m 1 to add, 0 to change, 0 to destroy.
TestTerraformGcpInstanceCreation 2021-07-10T02:07:46-05:00 logger.go:66: [0m[0m
TestTerraformGcpInstanceCreation 2021-07-10T02:07:46-05:00 logger.go:66: [1mChanges to Outputs:[0m[0m
TestTerraformGcpInstanceCreation 2021-07-10T02:07:46-05:00 logger.go:66:   [32m+[0m [0m[1m[0minstance_cpu[0m[0m  = (known after apply)
TestTerraformGcpInstanceCreation 2021-07-10T02:07:46-05:00 logger.go:66:   [32m+[0m [0m[1m[0minstance_name[0m[0m = "gcp-hello-world-example-testing"
TestTerraformGcpInstanceCreation 2021-07-10T02:07:47-05:00 logger.go:66: [0m[1mgoogle_compute_instance.testing_instance: Creating...[0m[0m
TestTerraformGcpInstanceCreation 2021-07-10T02:07:57-05:00 logger.go:66: [0m[1mgoogle_compute_instance.testing_instance: Still creating... [10s elapsed][0m[0m
TestTerraformGcpInstanceCreation 2021-07-10T02:08:00-05:00 logger.go:66: [0m[1mgoogle_compute_instance.testing_instance: Creation complete after 14s [id=projects/reclutachat-production/zones/us-central1-a/instances/gcp-hello-world-example-testing][0m
TestTerraformGcpInstanceCreation 2021-07-10T02:08:00-05:00 logger.go:66: [0m[1m[32m
TestTerraformGcpInstanceCreation 2021-07-10T02:08:00-05:00 logger.go:66: Apply complete! Resources: 1 added, 0 changed, 0 destroyed.
TestTerraformGcpInstanceCreation 2021-07-10T02:08:00-05:00 logger.go:66: [0m[0m[1m[32m
TestTerraformGcpInstanceCreation 2021-07-10T02:08:00-05:00 logger.go:66: Outputs:
TestTerraformGcpInstanceCreation 2021-07-10T02:08:00-05:00 logger.go:66: 
TestTerraformGcpInstanceCreation 2021-07-10T02:08:00-05:00 logger.go:66: [0minstance_cpu = "Intel Haswell"
TestTerraformGcpInstanceCreation 2021-07-10T02:08:00-05:00 logger.go:66: instance_name = "gcp-hello-world-example-testing"
TestTerraformGcpInstanceCreation 2021-07-10T02:08:00-05:00 retry.go:91: terraform [output -no-color -json instance_cpu]
TestTerraformGcpInstanceCreation 2021-07-10T02:08:00-05:00 logger.go:66: Running command terraform with args [output -no-color -json instance_cpu]
TestTerraformGcpInstanceCreation 2021-07-10T02:08:01-05:00 logger.go:66: "Intel Haswell"
TestTerraformGcpInstanceCreation 2021-07-10T02:08:01-05:00 retry.go:91: terraform [output -no-color -json instance_name]
TestTerraformGcpInstanceCreation 2021-07-10T02:08:01-05:00 logger.go:66: Running command terraform with args [output -no-color -json instance_name]
TestTerraformGcpInstanceCreation 2021-07-10T02:08:01-05:00 logger.go:66: "gcp-hello-world-example-testing"
    instnace_creation_test.go:45: 
        	Error Trace:	instnace_creation_test.go:45
        	Error:      	Not equal: 
        	            	expected: "gcp-hello-world-example"
        	            	actual  : "gcp-hello-world-example-testing"
        	            	
        	            	Diff:
        	            	--- Expected
        	            	+++ Actual
        	            	@@ -1 +1 @@
        	            	-gcp-hello-world-example
        	            	+gcp-hello-world-example-testing
        	Test:       	TestTerraformGcpInstanceCreation
TestTerraformGcpInstanceCreation 2021-07-10T02:08:01-05:00 retry.go:91: terraform [destroy -auto-approve -input=false -var instance_name=gcp-hello-world-example-testing -lock=false]
TestTerraformGcpInstanceCreation 2021-07-10T02:08:01-05:00 logger.go:66: Running command terraform with args [destroy -auto-approve -input=false -var instance_name=gcp-hello-world-example-testing -lock=false]
TestTerraformGcpInstanceCreation 2021-07-10T02:08:04-05:00 logger.go:66: [0m[1mgoogle_compute_instance.testing_instance: Refreshing state... [id=projects/reclutachat-production/zones/us-central1-a/instances/gcp-hello-world-example-testing][0m
TestTerraformGcpInstanceCreation 2021-07-10T02:08:05-05:00 logger.go:66: [0m
TestTerraformGcpInstanceCreation 2021-07-10T02:08:05-05:00 logger.go:66: [1m[36mNote:[0m[1m Objects have changed outside of Terraform[0m
TestTerraformGcpInstanceCreation 2021-07-10T02:08:05-05:00 logger.go:66: 
TestTerraformGcpInstanceCreation 2021-07-10T02:08:05-05:00 logger.go:66: [0mTerraform detected the following changes made outside of Terraform since the
TestTerraformGcpInstanceCreation 2021-07-10T02:08:05-05:00 logger.go:66: last "terraform apply":
TestTerraformGcpInstanceCreation 2021-07-10T02:08:05-05:00 logger.go:66: 
TestTerraformGcpInstanceCreation 2021-07-10T02:08:05-05:00 logger.go:66: [1m  # google_compute_instance.testing_instance[0m has been changed[0m[0m
TestTerraformGcpInstanceCreation 2021-07-10T02:08:05-05:00 logger.go:66: [0m  [33m~[0m[0m resource "google_compute_instance" "testing_instance" {
TestTerraformGcpInstanceCreation 2021-07-10T02:08:05-05:00 logger.go:66:         [1m[0mid[0m[0m                      = "projects/reclutachat-production/zones/us-central1-a/instances/gcp-hello-world-example-testing"
TestTerraformGcpInstanceCreation 2021-07-10T02:08:05-05:00 logger.go:66:       [32m+[0m [0m[1m[0mlabels[0m[0m                  = {}
TestTerraformGcpInstanceCreation 2021-07-10T02:08:05-05:00 logger.go:66:       [32m+[0m [0m[1m[0mmetadata[0m[0m                = {}
TestTerraformGcpInstanceCreation 2021-07-10T02:08:05-05:00 logger.go:66:         [1m[0mname[0m[0m                    = "gcp-hello-world-example-testing"
TestTerraformGcpInstanceCreation 2021-07-10T02:08:05-05:00 logger.go:66:       [32m+[0m [0m[1m[0mresource_policies[0m[0m       = []
TestTerraformGcpInstanceCreation 2021-07-10T02:08:05-05:00 logger.go:66:       [32m+[0m [0m[1m[0mtags[0m[0m                    = []
TestTerraformGcpInstanceCreation 2021-07-10T02:08:05-05:00 logger.go:66:         [90m# (15 unchanged attributes hidden)[0m[0m
TestTerraformGcpInstanceCreation 2021-07-10T02:08:05-05:00 logger.go:66: 
TestTerraformGcpInstanceCreation 2021-07-10T02:08:05-05:00 logger.go:66: 
TestTerraformGcpInstanceCreation 2021-07-10T02:08:05-05:00 logger.go:66: 
TestTerraformGcpInstanceCreation 2021-07-10T02:08:05-05:00 logger.go:66:         [90m# (3 unchanged blocks hidden)[0m[0m
TestTerraformGcpInstanceCreation 2021-07-10T02:08:05-05:00 logger.go:66:     }
TestTerraformGcpInstanceCreation 2021-07-10T02:08:05-05:00 logger.go:66: 
TestTerraformGcpInstanceCreation 2021-07-10T02:08:05-05:00 logger.go:66: Unless you have made equivalent changes to your configuration, or ignored the
TestTerraformGcpInstanceCreation 2021-07-10T02:08:05-05:00 logger.go:66: relevant attributes using ignore_changes, the following plan may include
TestTerraformGcpInstanceCreation 2021-07-10T02:08:05-05:00 logger.go:66: actions to undo or respond to these changes.
TestTerraformGcpInstanceCreation 2021-07-10T02:08:05-05:00 logger.go:66: [90m
TestTerraformGcpInstanceCreation 2021-07-10T02:08:05-05:00 logger.go:66: ─────────────────────────────────────────────────────────────────────────────[0m
TestTerraformGcpInstanceCreation 2021-07-10T02:08:05-05:00 logger.go:66: 
TestTerraformGcpInstanceCreation 2021-07-10T02:08:05-05:00 logger.go:66: Terraform used the selected providers to generate the following execution
TestTerraformGcpInstanceCreation 2021-07-10T02:08:05-05:00 logger.go:66: plan. Resource actions are indicated with the following symbols:
TestTerraformGcpInstanceCreation 2021-07-10T02:08:05-05:00 logger.go:66:   [31m-[0m destroy
TestTerraformGcpInstanceCreation 2021-07-10T02:08:05-05:00 logger.go:66: [0m
TestTerraformGcpInstanceCreation 2021-07-10T02:08:05-05:00 logger.go:66: Terraform will perform the following actions:
TestTerraformGcpInstanceCreation 2021-07-10T02:08:05-05:00 logger.go:66: 
TestTerraformGcpInstanceCreation 2021-07-10T02:08:05-05:00 logger.go:66: [1m  # google_compute_instance.testing_instance[0m will be [1m[31mdestroyed[0m[0m
TestTerraformGcpInstanceCreation 2021-07-10T02:08:05-05:00 logger.go:66: [0m  [31m-[0m[0m resource "google_compute_instance" "testing_instance" {
TestTerraformGcpInstanceCreation 2021-07-10T02:08:05-05:00 logger.go:66:       [31m-[0m [0m[1m[0mcan_ip_forward[0m[0m          = false [90m->[0m [0m[90mnull[0m[0m
TestTerraformGcpInstanceCreation 2021-07-10T02:08:05-05:00 logger.go:66:       [31m-[0m [0m[1m[0mcpu_platform[0m[0m            = "Intel Haswell" [90m->[0m [0m[90mnull[0m[0m
TestTerraformGcpInstanceCreation 2021-07-10T02:08:05-05:00 logger.go:66:       [31m-[0m [0m[1m[0mcurrent_status[0m[0m          = "RUNNING" [90m->[0m [0m[90mnull[0m[0m
TestTerraformGcpInstanceCreation 2021-07-10T02:08:05-05:00 logger.go:66:       [31m-[0m [0m[1m[0mdeletion_protection[0m[0m     = false [90m->[0m [0m[90mnull[0m[0m
TestTerraformGcpInstanceCreation 2021-07-10T02:08:05-05:00 logger.go:66:       [31m-[0m [0m[1m[0menable_display[0m[0m          = false [90m->[0m [0m[90mnull[0m[0m
TestTerraformGcpInstanceCreation 2021-07-10T02:08:05-05:00 logger.go:66:       [31m-[0m [0m[1m[0mguest_accelerator[0m[0m       = [] [90m->[0m [0m[90mnull[0m[0m
TestTerraformGcpInstanceCreation 2021-07-10T02:08:05-05:00 logger.go:66:       [31m-[0m [0m[1m[0mid[0m[0m                      = "projects/reclutachat-production/zones/us-central1-a/instances/gcp-hello-world-example-testing" [90m->[0m [0m[90mnull[0m[0m
TestTerraformGcpInstanceCreation 2021-07-10T02:08:05-05:00 logger.go:66:       [31m-[0m [0m[1m[0minstance_id[0m[0m             = "2248775356742171051" [90m->[0m [0m[90mnull[0m[0m
TestTerraformGcpInstanceCreation 2021-07-10T02:08:05-05:00 logger.go:66:       [31m-[0m [0m[1m[0mlabel_fingerprint[0m[0m       = "42WmSpB8rSM=" [90m->[0m [0m[90mnull[0m[0m
TestTerraformGcpInstanceCreation 2021-07-10T02:08:05-05:00 logger.go:66:       [31m-[0m [0m[1m[0mlabels[0m[0m                  = {} [90m->[0m [0m[90mnull[0m[0m
TestTerraformGcpInstanceCreation 2021-07-10T02:08:05-05:00 logger.go:66:       [31m-[0m [0m[1m[0mmachine_type[0m[0m            = "f1-micro" [90m->[0m [0m[90mnull[0m[0m
TestTerraformGcpInstanceCreation 2021-07-10T02:08:05-05:00 logger.go:66:       [31m-[0m [0m[1m[0mmetadata[0m[0m                = {} [90m->[0m [0m[90mnull[0m[0m
TestTerraformGcpInstanceCreation 2021-07-10T02:08:05-05:00 logger.go:66:       [31m-[0m [0m[1m[0mmetadata_fingerprint[0m[0m    = "LyQTbJEi-g4=" [90m->[0m [0m[90mnull[0m[0m
TestTerraformGcpInstanceCreation 2021-07-10T02:08:05-05:00 logger.go:66:       [31m-[0m [0m[1m[0mmetadata_startup_script[0m[0m = "sudo apt-get update; sudo apt-get install -yq build-essential python-pip rsync; pip install flask" [90m->[0m [0m[90mnull[0m[0m
TestTerraformGcpInstanceCreation 2021-07-10T02:08:05-05:00 logger.go:66:       [31m-[0m [0m[1m[0mname[0m[0m                    = "gcp-hello-world-example-testing" [90m->[0m [0m[90mnull[0m[0m
TestTerraformGcpInstanceCreation 2021-07-10T02:08:05-05:00 logger.go:66:       [31m-[0m [0m[1m[0mproject[0m[0m                 = "reclutachat-production" [90m->[0m [0m[90mnull[0m[0m
TestTerraformGcpInstanceCreation 2021-07-10T02:08:05-05:00 logger.go:66:       [31m-[0m [0m[1m[0mresource_policies[0m[0m       = [] [90m->[0m [0m[90mnull[0m[0m
TestTerraformGcpInstanceCreation 2021-07-10T02:08:05-05:00 logger.go:66:       [31m-[0m [0m[1m[0mself_link[0m[0m               = "https://www.googleapis.com/compute/v1/projects/reclutachat-production/zones/us-central1-a/instances/gcp-hello-world-example-testing" [90m->[0m [0m[90mnull[0m[0m
TestTerraformGcpInstanceCreation 2021-07-10T02:08:05-05:00 logger.go:66:       [31m-[0m [0m[1m[0mtags[0m[0m                    = [] [90m->[0m [0m[90mnull[0m[0m
TestTerraformGcpInstanceCreation 2021-07-10T02:08:05-05:00 logger.go:66:       [31m-[0m [0m[1m[0mtags_fingerprint[0m[0m        = "42WmSpB8rSM=" [90m->[0m [0m[90mnull[0m[0m
TestTerraformGcpInstanceCreation 2021-07-10T02:08:05-05:00 logger.go:66:       [31m-[0m [0m[1m[0mzone[0m[0m                    = "us-central1-a" [90m->[0m [0m[90mnull[0m[0m
TestTerraformGcpInstanceCreation 2021-07-10T02:08:05-05:00 logger.go:66: 
TestTerraformGcpInstanceCreation 2021-07-10T02:08:05-05:00 logger.go:66:       [31m-[0m [0mboot_disk {
TestTerraformGcpInstanceCreation 2021-07-10T02:08:05-05:00 logger.go:66:           [31m-[0m [0m[1m[0mauto_delete[0m[0m = true [90m->[0m [0m[90mnull[0m[0m
TestTerraformGcpInstanceCreation 2021-07-10T02:08:05-05:00 logger.go:66:           [31m-[0m [0m[1m[0mdevice_name[0m[0m = "persistent-disk-0" [90m->[0m [0m[90mnull[0m[0m
TestTerraformGcpInstanceCreation 2021-07-10T02:08:05-05:00 logger.go:66:           [31m-[0m [0m[1m[0mmode[0m[0m        = "READ_WRITE" [90m->[0m [0m[90mnull[0m[0m
TestTerraformGcpInstanceCreation 2021-07-10T02:08:05-05:00 logger.go:66:           [31m-[0m [0m[1m[0msource[0m[0m      = "https://www.googleapis.com/compute/v1/projects/reclutachat-production/zones/us-central1-a/disks/gcp-hello-world-example-testing" [90m->[0m [0m[90mnull[0m[0m
TestTerraformGcpInstanceCreation 2021-07-10T02:08:05-05:00 logger.go:66: 
TestTerraformGcpInstanceCreation 2021-07-10T02:08:05-05:00 logger.go:66:           [31m-[0m [0minitialize_params {
TestTerraformGcpInstanceCreation 2021-07-10T02:08:05-05:00 logger.go:66:               [31m-[0m [0m[1m[0mimage[0m[0m  = "https://www.googleapis.com/compute/v1/projects/debian-cloud/global/images/debian-9-stretch-v20210701" [90m->[0m [0m[90mnull[0m[0m
TestTerraformGcpInstanceCreation 2021-07-10T02:08:05-05:00 logger.go:66:               [31m-[0m [0m[1m[0mlabels[0m[0m = {} [90m->[0m [0m[90mnull[0m[0m
TestTerraformGcpInstanceCreation 2021-07-10T02:08:05-05:00 logger.go:66:               [31m-[0m [0m[1m[0msize[0m[0m   = 10 [90m->[0m [0m[90mnull[0m[0m
TestTerraformGcpInstanceCreation 2021-07-10T02:08:05-05:00 logger.go:66:               [31m-[0m [0m[1m[0mtype[0m[0m   = "pd-standard" [90m->[0m [0m[90mnull[0m[0m
TestTerraformGcpInstanceCreation 2021-07-10T02:08:05-05:00 logger.go:66:             }
TestTerraformGcpInstanceCreation 2021-07-10T02:08:05-05:00 logger.go:66:         }
TestTerraformGcpInstanceCreation 2021-07-10T02:08:05-05:00 logger.go:66: 
TestTerraformGcpInstanceCreation 2021-07-10T02:08:05-05:00 logger.go:66:       [31m-[0m [0mnetwork_interface {
TestTerraformGcpInstanceCreation 2021-07-10T02:08:05-05:00 logger.go:66:           [31m-[0m [0m[1m[0mname[0m[0m               = "nic0" [90m->[0m [0m[90mnull[0m[0m
TestTerraformGcpInstanceCreation 2021-07-10T02:08:05-05:00 logger.go:66:           [31m-[0m [0m[1m[0mnetwork[0m[0m            = "https://www.googleapis.com/compute/v1/projects/reclutachat-production/global/networks/default" [90m->[0m [0m[90mnull[0m[0m
TestTerraformGcpInstanceCreation 2021-07-10T02:08:05-05:00 logger.go:66:           [31m-[0m [0m[1m[0mnetwork_ip[0m[0m         = "10.128.0.7" [90m->[0m [0m[90mnull[0m[0m
TestTerraformGcpInstanceCreation 2021-07-10T02:08:05-05:00 logger.go:66:           [31m-[0m [0m[1m[0msubnetwork[0m[0m         = "https://www.googleapis.com/compute/v1/projects/reclutachat-production/regions/us-central1/subnetworks/default" [90m->[0m [0m[90mnull[0m[0m
TestTerraformGcpInstanceCreation 2021-07-10T02:08:05-05:00 logger.go:66:           [31m-[0m [0m[1m[0msubnetwork_project[0m[0m = "reclutachat-production" [90m->[0m [0m[90mnull[0m[0m
TestTerraformGcpInstanceCreation 2021-07-10T02:08:05-05:00 logger.go:66: 
TestTerraformGcpInstanceCreation 2021-07-10T02:08:05-05:00 logger.go:66:           [31m-[0m [0maccess_config {
TestTerraformGcpInstanceCreation 2021-07-10T02:08:05-05:00 logger.go:66:               [31m-[0m [0m[1m[0mnat_ip[0m[0m       = "34.135.28.181" [90m->[0m [0m[90mnull[0m[0m
TestTerraformGcpInstanceCreation 2021-07-10T02:08:05-05:00 logger.go:66:               [31m-[0m [0m[1m[0mnetwork_tier[0m[0m = "PREMIUM" [90m->[0m [0m[90mnull[0m[0m
TestTerraformGcpInstanceCreation 2021-07-10T02:08:05-05:00 logger.go:66:             }
TestTerraformGcpInstanceCreation 2021-07-10T02:08:05-05:00 logger.go:66:         }
TestTerraformGcpInstanceCreation 2021-07-10T02:08:05-05:00 logger.go:66: 
TestTerraformGcpInstanceCreation 2021-07-10T02:08:05-05:00 logger.go:66:       [31m-[0m [0mscheduling {
TestTerraformGcpInstanceCreation 2021-07-10T02:08:05-05:00 logger.go:66:           [31m-[0m [0m[1m[0mautomatic_restart[0m[0m   = true [90m->[0m [0m[90mnull[0m[0m
TestTerraformGcpInstanceCreation 2021-07-10T02:08:05-05:00 logger.go:66:           [31m-[0m [0m[1m[0mmin_node_cpus[0m[0m       = 0 [90m->[0m [0m[90mnull[0m[0m
TestTerraformGcpInstanceCreation 2021-07-10T02:08:05-05:00 logger.go:66:           [31m-[0m [0m[1m[0mon_host_maintenance[0m[0m = "MIGRATE" [90m->[0m [0m[90mnull[0m[0m
TestTerraformGcpInstanceCreation 2021-07-10T02:08:05-05:00 logger.go:66:           [31m-[0m [0m[1m[0mpreemptible[0m[0m         = false [90m->[0m [0m[90mnull[0m[0m
TestTerraformGcpInstanceCreation 2021-07-10T02:08:05-05:00 logger.go:66:         }
TestTerraformGcpInstanceCreation 2021-07-10T02:08:05-05:00 logger.go:66:     }
TestTerraformGcpInstanceCreation 2021-07-10T02:08:05-05:00 logger.go:66: 
TestTerraformGcpInstanceCreation 2021-07-10T02:08:05-05:00 logger.go:66: [0m[1mPlan:[0m 0 to add, 0 to change, 1 to destroy.
TestTerraformGcpInstanceCreation 2021-07-10T02:08:05-05:00 logger.go:66: [0m[0m
TestTerraformGcpInstanceCreation 2021-07-10T02:08:05-05:00 logger.go:66: [1mChanges to Outputs:[0m[0m
TestTerraformGcpInstanceCreation 2021-07-10T02:08:05-05:00 logger.go:66:   [31m-[0m [0m[1m[0minstance_cpu[0m[0m  = "Intel Haswell" [90m->[0m [0m[90mnull[0m[0m
TestTerraformGcpInstanceCreation 2021-07-10T02:08:05-05:00 logger.go:66:   [31m-[0m [0m[1m[0minstance_name[0m[0m = "gcp-hello-world-example-testing" [90m->[0m [0m[90mnull[0m[0m
TestTerraformGcpInstanceCreation 2021-07-10T02:08:06-05:00 logger.go:66: [0m[1mgoogle_compute_instance.testing_instance: Destroying... [id=projects/reclutachat-production/zones/us-central1-a/instances/gcp-hello-world-example-testing][0m[0m
TestTerraformGcpInstanceCreation 2021-07-10T02:08:16-05:00 logger.go:66: [0m[1mgoogle_compute_instance.testing_instance: Still destroying... [id=projects/reclutachat-production/zones/u...tances/gcp-hello-world-example-testing, 10s elapsed][0m[0m
TestTerraformGcpInstanceCreation 2021-07-10T02:08:26-05:00 logger.go:66: [0m[1mgoogle_compute_instance.testing_instance: Still destroying... [id=projects/reclutachat-production/zones/u...tances/gcp-hello-world-example-testing, 20s elapsed][0m[0m
TestTerraformGcpInstanceCreation 2021-07-10T02:08:27-05:00 logger.go:66: [0m[1mgoogle_compute_instance.testing_instance: Destruction complete after 21s[0m
TestTerraformGcpInstanceCreation 2021-07-10T02:08:27-05:00 logger.go:66: [0m[1m[32m
TestTerraformGcpInstanceCreation 2021-07-10T02:08:27-05:00 logger.go:66: Destroy complete! Resources: 1 destroyed.
TestTerraformGcpInstanceCreation 2021-07-10T02:08:27-05:00 logger.go:66: [0m
--- FAIL: TestTerraformGcpInstanceCreation (44.80s)
FAIL
exit status 1
FAIL	github.com/hecobrith/testing-terraform/test	44.983s
